
Microsoft Visual Studio Solution File, Format Version 12.00
Project("{FAE04EC0-301F-11D3-BF4B-00C04F79EFBC}") = "VendingMachine", "VendingMachine\VendingMachine.csproj", "{4BA480A3-521D-494B-92A4-AFA549354A57}"
EndProject
Global
	GlobalSection(SolutionConfigurationPlatforms) = preSolution
		Debug|Any CPU = Debug|Any CPU
		Release|Any CPU = Release|Any CPU
	EndGlobalSection
	GlobalSection(ProjectConfigurationPlatforms) = postSolution
		{4BA480A3-521D-494B-92A4-AFA549354A57}.Debug|Any CPU.ActiveCfg = Debug|Any CPU
		{4BA480A3-521D-494B-92A4-AFA549354A57}.Debug|Any CPU.Build.0 = Debug|Any CPU
		{4BA480A3-521D-494B-92A4-AFA549354A57}.Release|Any CPU.ActiveCfg = Release|Any CPU
		{4BA480A3-521D-494B-92A4-AFA549354A57}.Release|Any CPU.Build.0 = Release|Any CPU
	EndGlobalSection
EndGlobal
